
Microsoft Visual Studio Solution File, Format Version 12.00
# Visual Studio Version 17
VisualStudioVersion = 17.0.32014.148
MinimumVisualStudioVersion = 10.0.40219.1
Project("{9A19103F-16F7-4668-BE54-9A1E7A4F7556}") = "StaticStrategy.StrategyDesignPattern", "StaticStrategy.StrategyDesignPattern\StaticStrategy.StrategyDesignPattern.csproj", "{EB2CDD44-54DE-4CA9-A63D-8A9EC9C39679}"
EndProject
Project("{FAE04EC0-301F-11D3-BF4B-00C04F79EFBC}") = "EqualityAndComparison", "EqualityAndComparison\EqualityAndComparison.csproj", "{2E462581-E30E-485C-9D7B-C25D43FF39FE}"
EndProject
Global
	GlobalSection(SolutionConfigurationPlatforms) = preSolution
		Debug|Any CPU = Debug|Any CPU
		Release|Any CPU = Release|Any CPU
	EndGlobalSection
	GlobalSection(ProjectConfigurationPlatforms) = postSolution
		{EB2CDD44-54DE-4CA9-A63D-8A9EC9C39679}.Debug|Any CPU.ActiveCfg = Debug|Any CPU
		{EB2CDD44-54DE-4CA9-A63D-8A9EC9C39679}.Debug|Any CPU.Build.0 = Debug|Any CPU
		{EB2CDD44-54DE-4CA9-A63D-8A9EC9C39679}.Release|Any CPU.ActiveCfg = Release|Any CPU
		{EB2CDD44-54DE-4CA9-A63D-8A9EC9C39679}.Release|Any CPU.Build.0 = Release|Any CPU
		{2E462581-E30E-485C-9D7B-C25D43FF39FE}.Debug|Any CPU.ActiveCfg = Debug|Any CPU
		{2E462581-E30E-485C-9D7B-C25D43FF39FE}.Debug|Any CPU.Build.0 = Debug|Any CPU
		{2E462581-E30E-485C-9D7B-C25D43FF39FE}.Release|Any CPU.ActiveCfg = Release|Any CPU
		{2E462581-E30E-485C-9D7B-C25D43FF39FE}.Release|Any CPU.Build.0 = Release|Any CPU
	EndGlobalSection
	GlobalSection(SolutionProperties) = preSolution
		HideSolutionNode = FALSE
	EndGlobalSection
	GlobalSection(ExtensibilityGlobals) = postSolution
		SolutionGuid = {3154DFB6-DA65-4EA2-BDF9-FA624A50876A}
	EndGlobalSection
EndGlobal
